PODS:
  - SideMenu (6.5.0)
  - SwiftMaskTextfield (1.1.0)

DEPENDENCIES:
  - SideMenu
  - SwiftMaskTextfield (~> 1.1)

SPEC REPOS:
  trunk:
    - SideMenu
    - SwiftMaskTextfield

SPEC CHECKSUMS:
  SideMenu: f583187d21c5b1dd04c72002be544b555a2627a2
  SwiftMaskTextfield: 8c792e56f25779939d1fd5cf6153ba439b1be761

PODFILE CHECKSUM: bf118bb5fe1cdad2cd461832ae89cb4134b76240

COCOAPODS: 1.10.0
