// !$*UTF8*$!
{
	archiveVersion = 1;
	classes = {
	};
	objectVersion = 51;
	objects = {

/* Begin PBXBuildFile section */
		1B0329072603752F00960DF8 /* FavoriteController.swift in Sources */ = {isa = PBXBuildFile; fileRef = 1B0329062603752F00960DF8 /* FavoriteController.swift */; };
		1B0A71612602D456009FB7A5 /* EmptyView.swift in Sources */ = {isa = PBXBuildFile; fileRef = 1B0A71602602D456009FB7A5 /* EmptyView.swift */; };
		1B3EC69F260176E0008C1AB3 /* CoreDataManager.swift in Sources */ = {isa = PBXBuildFile; fileRef = 1BFA5E182600355B007FDDFE /* CoreDataManager.swift */; };
		1B40F53D25FE89D3008E1096 /* HistoryViewController.swift in Sources */ = {isa = PBXBuildFile; fileRef = 1B40F53C25FE89D3008E1096 /* HistoryViewController.swift */; };
		1B40F54125FE89DB008E1096 /* HistoryViewController.swift in Sources */ = {isa = PBXBuildFile; fileRef = 1B40F53C25FE89D3008E1096 /* HistoryViewController.swift */; };
		1B40F54525FE89DC008E1096 /* HistoryViewController.swift in Sources */ = {isa = PBXBuildFile; fileRef = 1B40F53C25FE89D3008E1096 /* HistoryViewController.swift */; };
		1B40F55325FE92D0008E1096 /* AddressTableViewCell.swift in Sources */ = {isa = PBXBuildFile; fileRef = 1B40F55125FE92D0008E1096 /* AddressTableViewCell.swift */; };
		1B40F55425FE92D0008E1096 /* AddressTableViewCell.xib in Resources */ = {isa = PBXBuildFile; fileRef = 1B40F55225FE92D0008E1096 /* AddressTableViewCell.xib */; };
		1B40F56125FE943A008E1096 /* AddressComponentCell.swift in Sources */ = {isa = PBXBuildFile; fileRef = 1B40F56025FE943A008E1096 /* AddressComponentCell.swift */; };
		1B40F56625FE9803008E1096 /* AboutViewController.swift in Sources */ = {isa = PBXBuildFile; fileRef = 1B40F56525FE9803008E1096 /* AboutViewController.swift */; };
		1B40F56725FE9803008E1096 /* AboutViewController.swift in Sources */ = {isa = PBXBuildFile; fileRef = 1B40F56525FE9803008E1096 /* AboutViewController.swift */; };
		1B40F56825FE9803008E1096 /* AboutViewController.swift in Sources */ = {isa = PBXBuildFile; fileRef = 1B40F56525FE9803008E1096 /* AboutViewController.swift */; };
		1B46DCD02602ECEE00B56AF2 /* AddressViewController.swift in Sources */ = {isa = PBXBuildFile; fileRef = 1B46DCCF2602ECEE00B56AF2 /* AddressViewController.swift */; };
		1B46DCD52602EEA500B56AF2 /* AddressViewControllerConstraints.swift in Sources */ = {isa = PBXBuildFile; fileRef = 1B46DCD42602EEA500B56AF2 /* AddressViewControllerConstraints.swift */; };
		1B47266A26026AD400FD9067 /* MapView.swift in Sources */ = {isa = PBXBuildFile; fileRef = 1B47266926026AD400FD9067 /* MapView.swift */; };
		1B4726732602719400FD9067 /* CepViewControllerConstraints.swift in Sources */ = {isa = PBXBuildFile; fileRef = 1B4726722602719400FD9067 /* CepViewControllerConstraints.swift */; };
		1B5FC0AE25FAD0BD00C8CE2E /* Recursive-Black.ttf in Resources */ = {isa = PBXBuildFile; fileRef = 1BAD11BD25FABED000FD700E /* Recursive-Black.ttf */; };
		1B5FC0B225FAD0C000C8CE2E /* Recursive-Bold.ttf in Resources */ = {isa = PBXBuildFile; fileRef = 1BAD11BA25FABED000FD700E /* Recursive-Bold.ttf */; };
		1B5FC0B625FAD0C300C8CE2E /* Recursive-Light.ttf in Resources */ = {isa = PBXBuildFile; fileRef = 1BAD11B925FABED000FD700E /* Recursive-Light.ttf */; };
		1B5FC0BA25FAD0C500C8CE2E /* Recursive-Medium.ttf in Resources */ = {isa = PBXBuildFile; fileRef = 1BAD11BC25FABED000FD700E /* Recursive-Medium.ttf */; };
		1B5FC0BE25FAD0C800C8CE2E /* Recursive-Regular.ttf in Resources */ = {isa = PBXBuildFile; fileRef = 1BAD11BB25FABED000FD700E /* Recursive-Regular.ttf */; };
		1B65B05F26050B610037EF44 /* Reachability.swift in Sources */ = {isa = PBXBuildFile; fileRef = 1B65B05E26050B610037EF44 /* Reachability.swift */; };
		1B680CF9260101C300166FD3 /* BaseViewController.swift in Sources */ = {isa = PBXBuildFile; fileRef = 1B680CF8260101C300166FD3 /* BaseViewController.swift */; };
		1B680CFA260101C300166FD3 /* BaseViewController.swift in Sources */ = {isa = PBXBuildFile; fileRef = 1B680CF8260101C300166FD3 /* BaseViewController.swift */; };
		1B680D022601020400166FD3 /* LoadingView.swift in Sources */ = {isa = PBXBuildFile; fileRef = 1B680D012601020400166FD3 /* LoadingView.swift */; };
		1B680D032601020400166FD3 /* LoadingView.swift in Sources */ = {isa = PBXBuildFile; fileRef = 1B680D012601020400166FD3 /* LoadingView.swift */; };
		1B680D11260106D300166FD3 /* loading.json in Resources */ = {isa = PBXBuildFile; fileRef = 1B680D10260106D300166FD3 /* loading.json */; };
		1B70590C2603C9B30054FBB7 /* AddressCoreData.swift in Sources */ = {isa = PBXBuildFile; fileRef = 1B70590B2603C9B30054FBB7 /* AddressCoreData.swift */; };
		1B7B607F2603EDFE00753A37 /* FavoritesViewController.swift in Sources */ = {isa = PBXBuildFile; fileRef = 1B7B607E2603EDFE00753A37 /* FavoritesViewController.swift */; };
		1B7B60892603EEE600753A37 /* FavoritesViewControllerUITableViewDataSource.swift in Sources */ = {isa = PBXBuildFile; fileRef = 1B7B60882603EEE600753A37 /* FavoritesViewControllerUITableViewDataSource.swift */; };
		1B7B608E2603EF3700753A37 /* FavoritesViewControllerUITableViewDelegate.swift in Sources */ = {isa = PBXBuildFile; fileRef = 1B7B608D2603EF3700753A37 /* FavoritesViewControllerUITableViewDelegate.swift */; };
		1B7E2A7C25FC1C9300F55AB8 /* MenuViewController.swift in Sources */ = {isa = PBXBuildFile; fileRef = 1B7E2A7B25FC1C9300F55AB8 /* MenuViewController.swift */; };
		1B7E2A8225FC217E00F55AB8 /* MenuTableViewCell.swift in Sources */ = {isa = PBXBuildFile; fileRef = 1B7E2A8025FC217E00F55AB8 /* MenuTableViewCell.swift */; };
		1B7E2A8325FC217E00F55AB8 /* MenuTableViewCell.swift in Sources */ = {isa = PBXBuildFile; fileRef = 1B7E2A8025FC217E00F55AB8 /* MenuTableViewCell.swift */; };
		1B7E2A8425FC217E00F55AB8 /* MenuTableViewCell.swift in Sources */ = {isa = PBXBuildFile; fileRef = 1B7E2A8025FC217E00F55AB8 /* MenuTableViewCell.swift */; };
		1B7E2A8525FC217E00F55AB8 /* MenuTableViewCell.xib in Resources */ = {isa = PBXBuildFile; fileRef = 1B7E2A8125FC217E00F55AB8 /* MenuTableViewCell.xib */; };
		1B7E2A8625FC217E00F55AB8 /* MenuTableViewCell.xib in Resources */ = {isa = PBXBuildFile; fileRef = 1B7E2A8125FC217E00F55AB8 /* MenuTableViewCell.xib */; };
		1B7E2A8725FC217E00F55AB8 /* MenuTableViewCell.xib in Resources */ = {isa = PBXBuildFile; fileRef = 1B7E2A8125FC217E00F55AB8 /* MenuTableViewCell.xib */; };
		1B93303425FFB04400C43011 /* HistoryAndFavoriteHeaderView.swift in Sources */ = {isa = PBXBuildFile; fileRef = 1B93303325FFB04400C43011 /* HistoryAndFavoriteHeaderView.swift */; };
		1B9D1FD726018EFF001385AC /* HistoryController.swift in Sources */ = {isa = PBXBuildFile; fileRef = 1B9D1FD626018EFF001385AC /* HistoryController.swift */; };
		1B9D1FDC26019881001385AC /* CepController.swift in Sources */ = {isa = PBXBuildFile; fileRef = 1B9D1FDB26019881001385AC /* CepController.swift */; };
		1BAD11C225FABFF800FD700E /* UIFontExtension.swift in Sources */ = {isa = PBXBuildFile; fileRef = 1BAD11C125FABFF800FD700E /* UIFontExtension.swift */; };
		1BB15B7A25FA2EDB002A1C9E /* UITextFieldExtension.swift in Sources */ = {isa = PBXBuildFile; fileRef = 1BB15B7925FA2EDB002A1C9E /* UITextFieldExtension.swift */; };
		1BBCD3D025FBB6F300F4F4FE /* CepModel.swift in Sources */ = {isa = PBXBuildFile; fileRef = 1BBCD3CF25FBB6F300F4F4FE /* CepModel.swift */; };
		1BCEA1B425FCDB2800D1A2AB /* CepNetwork.swift in Sources */ = {isa = PBXBuildFile; fileRef = 1BCEA1B325FCDB2800D1A2AB /* CepNetwork.swift */; };
		1BCEA1B525FCDB2800D1A2AB /* CepNetwork.swift in Sources */ = {isa = PBXBuildFile; fileRef = 1BCEA1B325FCDB2800D1A2AB /* CepNetwork.swift */; };
		1BCEA1BF25FCDD0B00D1A2AB /* ErrorHandler.swift in Sources */ = {isa = PBXBuildFile; fileRef = 1BCEA1BE25FCDD0B00D1A2AB /* ErrorHandler.swift */; };
		1BCEA1C025FCDD0B00D1A2AB /* ErrorHandler.swift in Sources */ = {isa = PBXBuildFile; fileRef = 1BCEA1BE25FCDD0B00D1A2AB /* ErrorHandler.swift */; };
		1BCEA1C825FCEC3C00D1A2AB /* FooterView.swift in Sources */ = {isa = PBXBuildFile; fileRef = 1BCEA1C725FCEC3C00D1A2AB /* FooterView.swift */; };
		1BCEA1C925FCEC3C00D1A2AB /* FooterView.swift in Sources */ = {isa = PBXBuildFile; fileRef = 1BCEA1C725FCEC3C00D1A2AB /* FooterView.swift */; };
		1BCEA1CD25FCEC4100D1A2AB /* FooterView.swift in Sources */ = {isa = PBXBuildFile; fileRef = 1BCEA1C725FCEC3C00D1A2AB /* FooterView.swift */; };
		1BCEA1D225FCF01300D1A2AB /* AddressFieldView.swift in Sources */ = {isa = PBXBuildFile; fileRef = 1BCEA1D125FCF01300D1A2AB /* AddressFieldView.swift */; };
		1BCEA1D325FCF01300D1A2AB /* AddressFieldView.swift in Sources */ = {isa = PBXBuildFile; fileRef = 1BCEA1D125FCF01300D1A2AB /* AddressFieldView.swift */; };
		1BCEA1D425FCF01300D1A2AB /* AddressFieldView.swift in Sources */ = {isa = PBXBuildFile; fileRef = 1BCEA1D125FCF01300D1A2AB /* AddressFieldView.swift */; };
		1BCEA1D925FD04FC00D1A2AB /* Address.swift in Sources */ = {isa = PBXBuildFile; fileRef = 1BCEA1D825FD04FC00D1A2AB /* Address.swift */; };
		1BCEA1DA25FD04FC00D1A2AB /* Address.swift in Sources */ = {isa = PBXBuildFile; fileRef = 1BCEA1D825FD04FC00D1A2AB /* Address.swift */; };
		1BD7AE1125F9B31B0036A743 /* AppDelegate.swift in Sources */ = {isa = PBXBuildFile; fileRef = 1BD7AE1025F9B31B0036A743 /* AppDelegate.swift */; };
		1BD7AE1325F9B31B0036A743 /* SceneDelegate.swift in Sources */ = {isa = PBXBuildFile; fileRef = 1BD7AE1225F9B31B0036A743 /* SceneDelegate.swift */; };
		1BD7AE1525F9B31B0036A743 /* CepViewController.swift in Sources */ = {isa = PBXBuildFile; fileRef = 1BD7AE1425F9B31B0036A743 /* CepViewController.swift */; };
		1BD7AE1825F9B31B0036A743 /* Main.storyboard in Resources */ = {isa = PBXBuildFile; fileRef = 1BD7AE1625F9B31B0036A743 /* Main.storyboard */; };
		1BD7AE1B25F9B31B0036A743 /* CEP_Finder.xcdatamodeld in Sources */ = {isa = PBXBuildFile; fileRef = 1BD7AE1925F9B31B0036A743 /* CEP_Finder.xcdatamodeld */; };
		1BD7AE1D25F9B31C0036A743 /* Assets.xcassets in Resources */ = {isa = PBXBuildFile; fileRef = 1BD7AE1C25F9B31C0036A743 /* Assets.xcassets */; };
		1BD7AE2025F9B31C0036A743 /* LaunchScreen.storyboard in Resources */ = {isa = PBXBuildFile; fileRef = 1BD7AE1E25F9B31C0036A743 /* LaunchScreen.storyboard */; };
		1BD7AE2B25F9B31C0036A743 /* CEP_FinderTests.swift in Sources */ = {isa = PBXBuildFile; fileRef = 1BD7AE2A25F9B31C0036A743 /* CEP_FinderTests.swift */; };
		1BD7AE3625F9B31C0036A743 /* CEP_FinderUITests.swift in Sources */ = {isa = PBXBuildFile; fileRef = 1BD7AE3525F9B31C0036A743 /* CEP_FinderUITests.swift */; };
		1BE4B2212600024400902D47 /* UIButtonExtension.swift in Sources */ = {isa = PBXBuildFile; fileRef = 1BE4B2202600024400902D47 /* UIButtonExtension.swift */; };
		1BE4B22F260005CC00902D47 /* Colors.swift in Sources */ = {isa = PBXBuildFile; fileRef = 1BE4B22E260005CC00902D47 /* Colors.swift */; };
		1BE4B234260008E500902D47 /* UIViewExtension.swift in Sources */ = {isa = PBXBuildFile; fileRef = 1BE4B233260008E500902D47 /* UIViewExtension.swift */; };
		1BE4B23926000B1800902D47 /* FooterViewConstraints.swift in Sources */ = {isa = PBXBuildFile; fileRef = 1BE4B23826000B1800902D47 /* FooterViewConstraints.swift */; };
		1BE4B23E26000E0200902D47 /* AddressFieldViewConstraints.swift in Sources */ = {isa = PBXBuildFile; fileRef = 1BE4B23D26000E0200902D47 /* AddressFieldViewConstraints.swift */; };
		1BE4B24326000E6D00902D47 /* AddressFieldViewConstraints.swift in Sources */ = {isa = PBXBuildFile; fileRef = 1BE4B23D26000E0200902D47 /* AddressFieldViewConstraints.swift */; };
		1BE4B24426000E6D00902D47 /* AddressFieldViewConstraints.swift in Sources */ = {isa = PBXBuildFile; fileRef = 1BE4B23D26000E0200902D47 /* AddressFieldViewConstraints.swift */; };
		1BFA5E0A26003225007FDDFE /* HistoryViewControllerUITableViewDataSource.swift in Sources */ = {isa = PBXBuildFile; fileRef = 1BFA5E0926003225007FDDFE /* HistoryViewControllerUITableViewDataSource.swift */; };
		1BFA5E0F2600324D007FDDFE /* HistoryViewControllerUITableViewDelegate.swift in Sources */ = {isa = PBXBuildFile; fileRef = 1BFA5E0E2600324D007FDDFE /* HistoryViewControllerUITableViewDelegate.swift */; };
		1BFA5E192600355B007FDDFE /* CoreDataManager.swift in Sources */ = {isa = PBXBuildFile; fileRef = 1BFA5E182600355B007FDDFE /* CoreDataManager.swift */; };
		6985EEF742E842FBEFF5745E /* Pods_CEP_FinderTests.framework in Frameworks */ = {isa = PBXBuildFile; fileRef = 6E962AD182AE585DA4CEDF4C /* Pods_CEP_FinderTests.framework */; };
		8D78C7A55A8885E136051292 /* Pods_CEP_Finder.framework in Frameworks */ = {isa = PBXBuildFile; fileRef = 779C709BE0237D130275FB90 /* Pods_CEP_Finder.framework */; };
		C90577E4089001BF39BBDC74 /* Pods_CEP_Finder_CEP_FinderUITests.framework in Frameworks */ = {isa = PBXBuildFile; fileRef = B343D24309009BCFE4A93C14 /* Pods_CEP_Finder_CEP_FinderUITests.framework */; };
/* End PBXBuildFile section */

/* Begin PBXContainerItemProxy section */
		1BD7AE2725F9B31C0036A743 /* PBXContainerItemProxy */ = {
			isa = PBXContainerItemProxy;
			containerPortal = 1BD7AE0525F9B31B0036A743 /* Project object */;
			proxyType = 1;
			remoteGlobalIDString = 1BD7AE0C25F9B31B0036A743;
			remoteInfo = CEP_Finder;
		};
		1BD7AE3225F9B31C0036A743 /* PBXContainerItemProxy */ = {
			isa = PBXContainerItemProxy;
			containerPortal = 1BD7AE0525F9B31B0036A743 /* Project object */;
			proxyType = 1;
			remoteGlobalIDString = 1BD7AE0C25F9B31B0036A743;
			remoteInfo = CEP_Finder;
		};
/* End PBXContainerItemProxy section */

/* Begin PBXFileReference section */
		1B0329062603752F00960DF8 /* FavoriteController.swift */ = {isa = PBXFileReference; lastKnownFileType = sourcecode.swift; path = FavoriteController.swift; sourceTree = "<group>"; };
		1B0A71602602D456009FB7A5 /* EmptyView.swift */ = {isa = PBXFileReference; lastKnownFileType = sourcecode.swift; path = EmptyView.swift; sourceTree = "<group>"; };
		1B40F53C25FE89D3008E1096 /* HistoryViewController.swift */ = {isa = PBXFileReference; lastKnownFileType = sourcecode.swift; path = HistoryViewController.swift; sourceTree = "<group>"; };
		1B40F55125FE92D0008E1096 /* AddressTableViewCell.swift */ = {isa = PBXFileReference; lastKnownFileType = sourcecode.swift; path = AddressTableViewCell.swift; sourceTree = "<group>"; };
		1B40F55225FE92D0008E1096 /* AddressTableViewCell.xib */ = {isa = PBXFileReference; lastKnownFileType = file.xib; path = AddressTableViewCell.xib; sourceTree = "<group>"; };
		1B40F56025FE943A008E1096 /* AddressComponentCell.swift */ = {isa = PBXFileReference; lastKnownFileType = sourcecode.swift; path = AddressComponentCell.swift; sourceTree = "<group>"; };
		1B40F56525FE9803008E1096 /* AboutViewController.swift */ = {isa = PBXFileReference; lastKnownFileType = sourcecode.swift; path = AboutViewController.swift; sourceTree = "<group>"; };
		1B46DCCF2602ECEE00B56AF2 /* AddressViewController.swift */ = {isa = PBXFileReference; lastKnownFileType = sourcecode.swift; path = AddressViewController.swift; sourceTree = "<group>"; };
		1B46DCD42602EEA500B56AF2 /* AddressViewControllerConstraints.swift */ = {isa = PBXFileReference; lastKnownFileType = sourcecode.swift; path = AddressViewControllerConstraints.swift; sourceTree = "<group>"; };
		1B47266926026AD400FD9067 /* MapView.swift */ = {isa = PBXFileReference; lastKnownFileType = sourcecode.swift; path = MapView.swift; sourceTree = "<group>"; };
		1B4726722602719400FD9067 /* CepViewControllerConstraints.swift */ = {isa = PBXFileReference; lastKnownFileType = sourcecode.swift; path = CepViewControllerConstraints.swift; sourceTree = "<group>"; };
		1B65B05E26050B610037EF44 /* Reachability.swift */ = {isa = PBXFileReference; lastKnownFileType = sourcecode.swift; path = Reachability.swift; sourceTree = "<group>"; };
		1B680CF8260101C300166FD3 /* BaseViewController.swift */ = {isa = PBXFileReference; lastKnownFileType = sourcecode.swift; path = BaseViewController.swift; sourceTree = "<group>"; };
		1B680D012601020400166FD3 /* LoadingView.swift */ = {isa = PBXFileReference; lastKnownFileType = sourcecode.swift; path = LoadingView.swift; sourceTree = "<group>"; };
		1B680D10260106D300166FD3 /* loading.json */ = {isa = PBXFileReference; fileEncoding = 4; lastKnownFileType = text.json; path = loading.json; sourceTree = "<group>"; };
		1B70590B2603C9B30054FBB7 /* AddressCoreData.swift */ = {isa = PBXFileReference; lastKnownFileType = sourcecode.swift; path = AddressCoreData.swift; sourceTree = "<group>"; };
		1B7B607E2603EDFE00753A37 /* FavoritesViewController.swift */ = {isa = PBXFileReference; lastKnownFileType = sourcecode.swift; path = FavoritesViewController.swift; sourceTree = "<group>"; };
		1B7B60882603EEE600753A37 /* FavoritesViewControllerUITableViewDataSource.swift */ = {isa = PBXFileReference; lastKnownFileType = sourcecode.swift; path = FavoritesViewControllerUITableViewDataSource.swift; sourceTree = "<group>"; };
		1B7B608D2603EF3700753A37 /* FavoritesViewControllerUITableViewDelegate.swift */ = {isa = PBXFileReference; lastKnownFileType = sourcecode.swift; path = FavoritesViewControllerUITableViewDelegate.swift; sourceTree = "<group>"; };
		1B7E2A7B25FC1C9300F55AB8 /* MenuViewController.swift */ = {isa = PBXFileReference; lastKnownFileType = sourcecode.swift; path = MenuViewController.swift; sourceTree = "<group>"; };
		1B7E2A8025FC217E00F55AB8 /* MenuTableViewCell.swift */ = {isa = PBXFileReference; lastKnownFileType = sourcecode.swift; path = MenuTableViewCell.swift; sourceTree = "<group>"; };
		1B7E2A8125FC217E00F55AB8 /* MenuTableViewCell.xib */ = {isa = PBXFileReference; lastKnownFileType = file.xib; path = MenuTableViewCell.xib; sourceTree = "<group>"; };
		1B93303325FFB04400C43011 /* HistoryAndFavoriteHeaderView.swift */ = {isa = PBXFileReference; lastKnownFileType = sourcecode.swift; path = HistoryAndFavoriteHeaderView.swift; sourceTree = "<group>"; };
		1B9D1FD626018EFF001385AC /* HistoryController.swift */ = {isa = PBXFileReference; lastKnownFileType = sourcecode.swift; path = HistoryController.swift; sourceTree = "<group>"; };
		1B9D1FDB26019881001385AC /* CepController.swift */ = {isa = PBXFileReference; lastKnownFileType = sourcecode.swift; path = CepController.swift; sourceTree = "<group>"; };
		1BAD11B925FABED000FD700E /* Recursive-Light.ttf */ = {isa = PBXFileReference; lastKnownFileType = file; path = "Recursive-Light.ttf"; sourceTree = "<group>"; };
		1BAD11BA25FABED000FD700E /* Recursive-Bold.ttf */ = {isa = PBXFileReference; lastKnownFileType = file; path = "Recursive-Bold.ttf"; sourceTree = "<group>"; };
		1BAD11BB25FABED000FD700E /* Recursive-Regular.ttf */ = {isa = PBXFileReference; lastKnownFileType = file; path = "Recursive-Regular.ttf"; sourceTree = "<group>"; };
		1BAD11BC25FABED000FD700E /* Recursive-Medium.ttf */ = {isa = PBXFileReference; lastKnownFileType = file; path = "Recursive-Medium.ttf"; sourceTree = "<group>"; };
		1BAD11BD25FABED000FD700E /* Recursive-Black.ttf */ = {isa = PBXFileReference; lastKnownFileType = file; path = "Recursive-Black.ttf"; sourceTree = "<group>"; };
		1BAD11C125FABFF800FD700E /* UIFontExtension.swift */ = {isa = PBXFileReference; lastKnownFileType = sourcecode.swift; path = UIFontExtension.swift; sourceTree = "<group>"; };
		1BB15B7925FA2EDB002A1C9E /* UITextFieldExtension.swift */ = {isa = PBXFileReference; lastKnownFileType = sourcecode.swift; path = UITextFieldExtension.swift; sourceTree = "<group>"; };
		1BBCD3CF25FBB6F300F4F4FE /* CepModel.swift */ = {isa = PBXFileReference; lastKnownFileType = sourcecode.swift; path = CepModel.swift; sourceTree = "<group>"; };
		1BCEA1B325FCDB2800D1A2AB /* CepNetwork.swift */ = {isa = PBXFileReference; lastKnownFileType = sourcecode.swift; path = CepNetwork.swift; sourceTree = "<group>"; };
		1BCEA1BE25FCDD0B00D1A2AB /* ErrorHandler.swift */ = {isa = PBXFileReference; lastKnownFileType = sourcecode.swift; path = ErrorHandler.swift; sourceTree = "<group>"; };
		1BCEA1C725FCEC3C00D1A2AB /* FooterView.swift */ = {isa = PBXFileReference; lastKnownFileType = sourcecode.swift; path = FooterView.swift; sourceTree = "<group>"; };
		1BCEA1D125FCF01300D1A2AB /* AddressFieldView.swift */ = {isa = PBXFileReference; lastKnownFileType = sourcecode.swift; path = AddressFieldView.swift; sourceTree = "<group>"; };
		1BCEA1D825FD04FC00D1A2AB /* Address.swift */ = {isa = PBXFileReference; lastKnownFileType = sourcecode.swift; path = Address.swift; sourceTree = "<group>"; };
		1BD7AE0D25F9B31B0036A743 /* CEP_Finder.app */ = {isa = PBXFileReference; explicitFileType = wrapper.application; includeInIndex = 0; path = CEP_Finder.app; sourceTree = BUILT_PRODUCTS_DIR; };
		1BD7AE1025F9B31B0036A743 /* AppDelegate.swift */ = {isa = PBXFileReference; lastKnownFileType = sourcecode.swift; path = AppDelegate.swift; sourceTree = "<group>"; };
		1BD7AE1225F9B31B0036A743 /* SceneDelegate.swift */ = {isa = PBXFileReference; lastKnownFileType = sourcecode.swift; path = SceneDelegate.swift; sourceTree = "<group>"; };
		1BD7AE1425F9B31B0036A743 /* CepViewController.swift */ = {isa = PBXFileReference; lastKnownFileType = sourcecode.swift; path = CepViewController.swift; sourceTree = "<group>"; };
		1BD7AE1725F9B31B0036A743 /* Base */ = {isa = PBXFileReference; lastKnownFileType = file.storyboard; name = Base; path = Base.lproj/Main.storyboard; sourceTree = "<group>"; };
		1BD7AE1A25F9B31B0036A743 /* CEP_Finder.xcdatamodel */ = {isa = PBXFileReference; lastKnownFileType = wrapper.xcdatamodel; path = CEP_Finder.xcdatamodel; sourceTree = "<group>"; };
		1BD7AE1C25F9B31C0036A743 /* Assets.xcassets */ = {isa = PBXFileReference; lastKnownFileType = folder.assetcatalog; path = Assets.xcassets; sourceTree = "<group>"; };
		1BD7AE1F25F9B31C0036A743 /* Base */ = {isa = PBXFileReference; lastKnownFileType = file.storyboard; name = Base; path = Base.lproj/LaunchScreen.storyboard; sourceTree = "<group>"; };
		1BD7AE2125F9B31C0036A743 /* Info.plist */ = {isa = PBXFileReference; lastKnownFileType = text.plist.xml; path = Info.plist; sourceTree = "<group>"; };
		1BD7AE2625F9B31C0036A743 /* CEP_FinderTests.xctest */ = {isa = PBXFileReference; explicitFileType = wrapper.cfbundle; includeInIndex = 0; path = CEP_FinderTests.xctest; sourceTree = BUILT_PRODUCTS_DIR; };
		1BD7AE2A25F9B31C0036A743 /* CEP_FinderTests.swift */ = {isa = PBXFileReference; lastKnownFileType = sourcecode.swift; path = CEP_FinderTests.swift; sourceTree = "<group>"; };
		1BD7AE2C25F9B31C0036A743 /* Info.plist */ = {isa = PBXFileReference; lastKnownFileType = text.plist.xml; path = Info.plist; sourceTree = "<group>"; };
		1BD7AE3125F9B31C0036A743 /* CEP_FinderUITests.xctest */ = {isa = PBXFileReference; explicitFileType = wrapper.cfbundle; includeInIndex = 0; path = CEP_FinderUITests.xctest; sourceTree = BUILT_PRODUCTS_DIR; };
		1BD7AE3525F9B31C0036A743 /* CEP_FinderUITests.swift */ = {isa = PBXFileReference; lastKnownFileType = sourcecode.swift; path = CEP_FinderUITests.swift; sourceTree = "<group>"; };
		1BD7AE3725F9B31C0036A743 /* Info.plist */ = {isa = PBXFileReference; lastKnownFileType = text.plist.xml; path = Info.plist; sourceTree = "<group>"; };
		1BE4B2202600024400902D47 /* UIButtonExtension.swift */ = {isa = PBXFileReference; lastKnownFileType = sourcecode.swift; path = UIButtonExtension.swift; sourceTree = "<group>"; };
		1BE4B22E260005CC00902D47 /* Colors.swift */ = {isa = PBXFileReference; lastKnownFileType = sourcecode.swift; path = Colors.swift; sourceTree = "<group>"; };
		1BE4B233260008E500902D47 /* UIViewExtension.swift */ = {isa = PBXFileReference; lastKnownFileType = sourcecode.swift; path = UIViewExtension.swift; sourceTree = "<group>"; };
		1BE4B23826000B1800902D47 /* FooterViewConstraints.swift */ = {isa = PBXFileReference; lastKnownFileType = sourcecode.swift; path = FooterViewConstraints.swift; sourceTree = "<group>"; };
		1BE4B23D26000E0200902D47 /* AddressFieldViewConstraints.swift */ = {isa = PBXFileReference; lastKnownFileType = sourcecode.swift; path = AddressFieldViewConstraints.swift; sourceTree = "<group>"; };
		1BFA5E0926003225007FDDFE /* HistoryViewControllerUITableViewDataSource.swift */ = {isa = PBXFileReference; lastKnownFileType = sourcecode.swift; path = HistoryViewControllerUITableViewDataSource.swift; sourceTree = "<group>"; };
		1BFA5E0E2600324D007FDDFE /* HistoryViewControllerUITableViewDelegate.swift */ = {isa = PBXFileReference; lastKnownFileType = sourcecode.swift; path = HistoryViewControllerUITableViewDelegate.swift; sourceTree = "<group>"; };
		1BFA5E182600355B007FDDFE /* CoreDataManager.swift */ = {isa = PBXFileReference; lastKnownFileType = sourcecode.swift; path = CoreDataManager.swift; sourceTree = "<group>"; };
		2398F0ED59C25B11A52B5235 /* Pods-CEP_Finder-CEP_FinderUITests.debug.xcconfig */ = {isa = PBXFileReference; includeInIndex = 1; lastKnownFileType = text.xcconfig; name = "Pods-CEP_Finder-CEP_FinderUITests.debug.xcconfig"; path = "Target Support Files/Pods-CEP_Finder-CEP_FinderUITests/Pods-CEP_Finder-CEP_FinderUITests.debug.xcconfig"; sourceTree = "<group>"; };
		2CF261A6D21A3298EA3CC990 /* Pods-CEP_Finder.release.xcconfig */ = {isa = PBXFileReference; includeInIndex = 1; lastKnownFileType = text.xcconfig; name = "Pods-CEP_Finder.release.xcconfig"; path = "Target Support Files/Pods-CEP_Finder/Pods-CEP_Finder.release.xcconfig"; sourceTree = "<group>"; };
		6E962AD182AE585DA4CEDF4C /* Pods_CEP_FinderTests.framework */ = {isa = PBXFileReference; explicitFileType = wrapper.framework; includeInIndex = 0; path = Pods_CEP_FinderTests.framework; sourceTree = BUILT_PRODUCTS_DIR; };
		779C709BE0237D130275FB90 /* Pods_CEP_Finder.framework */ = {isa = PBXFileReference; explicitFileType = wrapper.framework; includeInIndex = 0; path = Pods_CEP_Finder.framework; sourceTree = BUILT_PRODUCTS_DIR; };
		8D9AD17FB1C1C31A5816187C /* Pods-CEP_FinderTests.debug.xcconfig */ = {isa = PBXFileReference; includeInIndex = 1; lastKnownFileType = text.xcconfig; name = "Pods-CEP_FinderTests.debug.xcconfig"; path = "Target Support Files/Pods-CEP_FinderTests/Pods-CEP_FinderTests.debug.xcconfig"; sourceTree = "<group>"; };
		9A19A1E7641F84E071A98059 /* Pods-CEP_Finder.debug.xcconfig */ = {isa = PBXFileReference; includeInIndex = 1; lastKnownFileType = text.xcconfig; name = "Pods-CEP_Finder.debug.xcconfig"; path = "Target Support Files/Pods-CEP_Finder/Pods-CEP_Finder.debug.xcconfig"; sourceTree = "<group>"; };
		B343D24309009BCFE4A93C14 /* Pods_CEP_Finder_CEP_FinderUITests.framework */ = {isa = PBXFileReference; explicitFileType = wrapper.framework; includeInIndex = 0; path = Pods_CEP_Finder_CEP_FinderUITests.framework; sourceTree = BUILT_PRODUCTS_DIR; };
		BF0BCFBD3083EB8547754991 /* Pods-CEP_Finder-CEP_FinderUITests.release.xcconfig */ = {isa = PBXFileReference; includeInIndex = 1; lastKnownFileType = text.xcconfig; name = "Pods-CEP_Finder-CEP_FinderUITests.release.xcconfig"; path = "Target Support Files/Pods-CEP_Finder-CEP_FinderUITests/Pods-CEP_Finder-CEP_FinderUITests.release.xcconfig"; sourceTree = "<group>"; };
		E416E5C83B7632DEE10E655D /* Pods-CEP_FinderTests.release.xcconfig */ = {isa = PBXFileReference; includeInIndex = 1; lastKnownFileType = text.xcconfig; name = "Pods-CEP_FinderTests.release.xcconfig"; path = "Target Support Files/Pods-CEP_FinderTests/Pods-CEP_FinderTests.release.xcconfig"; sourceTree = "<group>"; };
/* End PBXFileReference section */

/* Begin PBXFrameworksBuildPhase section */
		1BD7AE0A25F9B31B0036A743 /* Frameworks */ = {
			isa = PBXFrameworksBuildPhase;
			buildActionMask = 2147483647;
			files = (
				8D78C7A55A8885E136051292 /* Pods_CEP_Finder.framework in Frameworks */,
			);
			runOnlyForDeploymentPostprocessing = 0;
		};
		1BD7AE2325F9B31C0036A743 /* Frameworks */ = {
			isa = PBXFrameworksBuildPhase;
			buildActionMask = 2147483647;
			files = (
				6985EEF742E842FBEFF5745E /* Pods_CEP_FinderTests.framework in Frameworks */,
			);
			runOnlyForDeploymentPostprocessing = 0;
		};
		1BD7AE2E25F9B31C0036A743 /* Frameworks */ = {
			isa = PBXFrameworksBuildPhase;
			buildActionMask = 2147483647;
			files = (
				C90577E4089001BF39BBDC74 /* Pods_CEP_Finder_CEP_FinderUITests.framework in Frameworks */,
			);
			runOnlyForDeploymentPostprocessing = 0;
		};
/* End PBXFrameworksBuildPhase section */

/* Begin PBXGroup section */
		1B0A715F2602D40E009FB7A5 /* Empty */ = {
			isa = PBXGroup;
			children = (
				1B0A71602602D456009FB7A5 /* EmptyView.swift */,
			);
			path = Empty;
			sourceTree = "<group>";
		};
		1B0A71682602E9D3009FB7A5 /* Address */ = {
			isa = PBXGroup;
			children = (
				1BAB096B260272AE001D52B0 /* TableView */,
				1B40F55225FE92D0008E1096 /* AddressTableViewCell.xib */,
				1B46DCCF2602ECEE00B56AF2 /* AddressViewController.swift */,
				1B46DCD42602EEA500B56AF2 /* AddressViewControllerConstraints.swift */,
			);
			path = Address;
			sourceTree = "<group>";
		};
		1B47266426026A7E00FD9067 /* Cep */ = {
			isa = PBXGroup;
			children = (
				1BAB09692602724F001D52B0 /* ViewController */,
				1BAB096826027241001D52B0 /* Controller */,
				1B4726712602716800FD9067 /* Extensions */,
				1B47266826026ABE00FD9067 /* Map */,
				1BE4B25326000EE800902D47 /* SideMenu */,
				1BCEA1EA25FD2F1600D1A2AB /* Footer */,
			);
			path = Cep;
			sourceTree = "<group>";
		};
		1B47266826026ABE00FD9067 /* Map */ = {
			isa = PBXGroup;
			children = (
				1B47266926026AD400FD9067 /* MapView.swift */,
			);
			path = Map;
			sourceTree = "<group>";
		};
		1B4726712602716800FD9067 /* Extensions */ = {
			isa = PBXGroup;
			children = (
				1B4726722602719400FD9067 /* CepViewControllerConstraints.swift */,
			);
			path = Extensions;
			sourceTree = "<group>";
		};
		1B680CF7260101A200166FD3 /* BaseView */ = {
			isa = PBXGroup;
			children = (
				1B680CF8260101C300166FD3 /* BaseViewController.swift */,
				1B680D012601020400166FD3 /* LoadingView.swift */,
				1B680D10260106D300166FD3 /* loading.json */,
			);
			path = BaseView;
			sourceTree = "<group>";
		};
		1B70590A2603C9810054FBB7 /* Network */ = {
			isa = PBXGroup;
			children = (
				1BCEA1B325FCDB2800D1A2AB /* CepNetwork.swift */,
				1B65B05E26050B610037EF44 /* Reachability.swift */,
			);
			path = Network;
			sourceTree = "<group>";
		};
		1B7B607D2603EDD800753A37 /* ViewController */ = {
			isa = PBXGroup;
			children = (
				1B7B607E2603EDFE00753A37 /* FavoritesViewController.swift */,
			);
			path = ViewController;
			sourceTree = "<group>";
		};
		1B7B60862603EECE00753A37 /* Controller */ = {
			isa = PBXGroup;
			children = (
				1B0329062603752F00960DF8 /* FavoriteController.swift */,
			);
			path = Controller;
			sourceTree = "<group>";
		};
		1B7B60872603EED900753A37 /* Extensions */ = {
			isa = PBXGroup;
			children = (
				1B7B60882603EEE600753A37 /* FavoritesViewControllerUITableViewDataSource.swift */,
				1B7B608D2603EF3700753A37 /* FavoritesViewControllerUITableViewDelegate.swift */,
			);
			path = Extensions;
			sourceTree = "<group>";
		};
		1B93303225FFB02200C43011 /* HeaderView */ = {
			isa = PBXGroup;
			children = (
				1B93303325FFB04400C43011 /* HistoryAndFavoriteHeaderView.swift */,
			);
			path = HeaderView;
			sourceTree = "<group>";
		};
		1BAB096826027241001D52B0 /* Controller */ = {
			isa = PBXGroup;
			children = (
				1B9D1FDB26019881001385AC /* CepController.swift */,
			);
			path = Controller;
			sourceTree = "<group>";
		};
		1BAB09692602724F001D52B0 /* ViewController */ = {
			isa = PBXGroup;
			children = (
				1BD7AE1425F9B31B0036A743 /* CepViewController.swift */,
			);
			path = ViewController;
			sourceTree = "<group>";
		};
		1BAB096A2602729F001D52B0 /* Controller */ = {
			isa = PBXGroup;
			children = (
				1B9D1FD626018EFF001385AC /* HistoryController.swift */,
			);
			path = Controller;
			sourceTree = "<group>";
		};
		1BAB096B260272AE001D52B0 /* TableView */ = {
			isa = PBXGroup;
			children = (
				1BAB096C260272C0001D52B0 /* Cell */,
				1B40F55125FE92D0008E1096 /* AddressTableViewCell.swift */,
			);
			path = TableView;
			sourceTree = "<group>";
		};
		1BAB096C260272C0001D52B0 /* Cell */ = {
			isa = PBXGroup;
			children = (
				1B40F56025FE943A008E1096 /* AddressComponentCell.swift */,
			);
			path = Cell;
			sourceTree = "<group>";
		};
		1BAB096D260272CF001D52B0 /* ViewController */ = {
			isa = PBXGroup;
			children = (
				1B40F53C25FE89D3008E1096 /* HistoryViewController.swift */,
			);
			path = ViewController;
			sourceTree = "<group>";
		};
		1BAB096E2602731D001D52B0 /* DataBase */ = {
			isa = PBXGroup;
			children = (
				1BD7AE1925F9B31B0036A743 /* CEP_Finder.xcdatamodeld */,
			);
			path = DataBase;
			sourceTree = "<group>";
		};
		1BAD11B825FABEC200FD700E /* Fonts */ = {
			isa = PBXGroup;
			children = (
				1BAD11BD25FABED000FD700E /* Recursive-Black.ttf */,
				1BAD11BA25FABED000FD700E /* Recursive-Bold.ttf */,
				1BAD11B925FABED000FD700E /* Recursive-Light.ttf */,
				1BAD11BC25FABED000FD700E /* Recursive-Medium.ttf */,
				1BAD11BB25FABED000FD700E /* Recursive-Regular.ttf */,
			);
			path = Fonts;
			sourceTree = "<group>";
		};
		1BB15B7825FA2EC4002A1C9E /* Extensions */ = {
			isa = PBXGroup;
			children = (
				1BB15B7925FA2EDB002A1C9E /* UITextFieldExtension.swift */,
				1BAD11C125FABFF800FD700E /* UIFontExtension.swift */,
				1BE4B2202600024400902D47 /* UIButtonExtension.swift */,
				1BE4B233260008E500902D47 /* UIViewExtension.swift */,
			);
			path = Extensions;
			sourceTree = "<group>";
		};
		1BBCD3CE25FBB6E400F4F4FE /* Model */ = {
			isa = PBXGroup;
			children = (
				1BBCD3CF25FBB6F300F4F4FE /* CepModel.swift */,
				1BCEA1D825FD04FC00D1A2AB /* Address.swift */,
			);
			path = Model;
			sourceTree = "<group>";
		};
		1BCEA1EA25FD2F1600D1A2AB /* Footer */ = {
			isa = PBXGroup;
			children = (
				1BE4B24226000E5700902D47 /* FooterField */,
				1BCEA1C725FCEC3C00D1A2AB /* FooterView.swift */,
				1BE4B23826000B1800902D47 /* FooterViewConstraints.swift */,
			);
			path = Footer;
			sourceTree = "<group>";
		};
		1BD7AE0425F9B31B0036A743 = {
			isa = PBXGroup;
			children = (
				1BD7AE0F25F9B31B0036A743 /* CEP_Finder */,
				1BD7AE2925F9B31C0036A743 /* CEP_FinderTests */,
				1BD7AE3425F9B31C0036A743 /* CEP_FinderUITests */,
				1BD7AE0E25F9B31B0036A743 /* Products */,
				4262822A35D7D5079613F660 /* Pods */,
				AEF35AB3DBCB972B30DE9B0C /* Frameworks */,
			);
			sourceTree = "<group>";
		};
		1BD7AE0E25F9B31B0036A743 /* Products */ = {
			isa = PBXGroup;
			children = (
				1BD7AE0D25F9B31B0036A743 /* CEP_Finder.app */,
				1BD7AE2625F9B31C0036A743 /* CEP_FinderTests.xctest */,
				1BD7AE3125F9B31C0036A743 /* CEP_FinderUITests.xctest */,
			);
			name = Products;
			sourceTree = "<group>";
		};
		1BD7AE0F25F9B31B0036A743 /* CEP_Finder */ = {
			isa = PBXGroup;
			children = (
				1B70590A2603C9810054FBB7 /* Network */,
				1BAB096E2602731D001D52B0 /* DataBase */,
				1BE4B25026000EBB00902D47 /* Utils */,
				1BE4B24F26000EAD00902D47 /* Worker */,
				1BE4B24B26000E8400902D47 /* Supporting Files */,
				1BE4B22D260005BF00902D47 /* Style */,
				1BBCD3CE25FBB6E400F4F4FE /* Model */,
				1BAD11B825FABEC200FD700E /* Fonts */,
				1BB15B7825FA2EC4002A1C9E /* Extensions */,
				1BE4B25826000F2600902D47 /* Screens */,
				1BD7AE2125F9B31C0036A743 /* Info.plist */,
			);
			path = CEP_Finder;
			sourceTree = "<group>";
		};
		1BD7AE2925F9B31C0036A743 /* CEP_FinderTests */ = {
			isa = PBXGroup;
			children = (
				1BD7AE2A25F9B31C0036A743 /* CEP_FinderTests.swift */,
				1BD7AE2C25F9B31C0036A743 /* Info.plist */,
			);
			path = CEP_FinderTests;
			sourceTree = "<group>";
		};
		1BD7AE3425F9B31C0036A743 /* CEP_FinderUITests */ = {
			isa = PBXGroup;
			children = (
				1BD7AE3525F9B31C0036A743 /* CEP_FinderUITests.swift */,
				1BD7AE3725F9B31C0036A743 /* Info.plist */,
			);
			path = CEP_FinderUITests;
			sourceTree = "<group>";
		};
		1BD7AE4625F9B3280036A743 /* Storyboards */ = {
			isa = PBXGroup;
			children = (
				1BD7AE1625F9B31B0036A743 /* Main.storyboard */,
			);
			path = Storyboards;
			sourceTree = "<group>";
		};
		1BE4B22D260005BF00902D47 /* Style */ = {
			isa = PBXGroup;
			children = (
				1BE4B22E260005CC00902D47 /* Colors.swift */,
			);
			path = Style;
			sourceTree = "<group>";
		};
		1BE4B24226000E5700902D47 /* FooterField */ = {
			isa = PBXGroup;
			children = (
				1BCEA1D125FCF01300D1A2AB /* AddressFieldView.swift */,
				1BE4B23D26000E0200902D47 /* AddressFieldViewConstraints.swift */,
			);
			path = FooterField;
			sourceTree = "<group>";
		};
		1BE4B24B26000E8400902D47 /* Supporting Files */ = {
			isa = PBXGroup;
			children = (
				1BD7AE1C25F9B31C0036A743 /* Assets.xcassets */,
				1BD7AE1E25F9B31C0036A743 /* LaunchScreen.storyboard */,
				1BD7AE1225F9B31B0036A743 /* SceneDelegate.swift */,
				1BD7AE1025F9B31B0036A743 /* AppDelegate.swift */,
			);
			path = "Supporting Files";
			sourceTree = "<group>";
		};
		1BE4B24F26000EAD00902D47 /* Worker */ = {
			isa = PBXGroup;
			children = (
				1BFA5E182600355B007FDDFE /* CoreDataManager.swift */,
				1B70590B2603C9B30054FBB7 /* AddressCoreData.swift */,
			);
			path = Worker;
			sourceTree = "<group>";
		};
		1BE4B25026000EBB00902D47 /* Utils */ = {
			isa = PBXGroup;
			children = (
				1BCEA1BE25FCDD0B00D1A2AB /* ErrorHandler.swift */,
			);
			path = Utils;
			sourceTree = "<group>";
		};
		1BE4B25126000ECB00902D47 /* About */ = {
			isa = PBXGroup;
			children = (
				1B40F56525FE9803008E1096 /* AboutViewController.swift */,
			);
			path = About;
			sourceTree = "<group>";
		};
		1BE4B25226000EDB00902D47 /* Favorites */ = {
			isa = PBXGroup;
			children = (
				1B7B60872603EED900753A37 /* Extensions */,
				1B7B60862603EECE00753A37 /* Controller */,
				1B7B607D2603EDD800753A37 /* ViewController */,
			);
			path = Favorites;
			sourceTree = "<group>";
		};
		1BE4B25326000EE800902D47 /* SideMenu */ = {
			isa = PBXGroup;
			children = (
				1B7E2A7B25FC1C9300F55AB8 /* MenuViewController.swift */,
				1B7E2A8025FC217E00F55AB8 /* MenuTableViewCell.swift */,
				1B7E2A8125FC217E00F55AB8 /* MenuTableViewCell.xib */,
			);
			path = SideMenu;
			sourceTree = "<group>";
		};
		1BE4B25726000F0200902D47 /* History */ = {
			isa = PBXGroup;
			children = (
				1BAB096D260272CF001D52B0 /* ViewController */,
				1BAB096A2602729F001D52B0 /* Controller */,
				1BFA5E0826003212007FDDFE /* Extensions */,
			);
			path = History;
			sourceTree = "<group>";
		};
		1BE4B25826000F2600902D47 /* Screens */ = {
			isa = PBXGroup;
			children = (
				1B0A71682602E9D3009FB7A5 /* Address */,
				1B0A715F2602D40E009FB7A5 /* Empty */,
				1B47266426026A7E00FD9067 /* Cep */,
				1B680CF7260101A200166FD3 /* BaseView */,
				1BD7AE4625F9B3280036A743 /* Storyboards */,
				1B93303225FFB02200C43011 /* HeaderView */,
				1BE4B25126000ECB00902D47 /* About */,
				1BE4B25226000EDB00902D47 /* Favorites */,
				1BE4B25726000F0200902D47 /* History */,
			);
			path = Screens;
			sourceTree = "<group>";
		};
		1BFA5E0826003212007FDDFE /* Extensions */ = {
			isa = PBXGroup;
			children = (
				1BFA5E0926003225007FDDFE /* HistoryViewControllerUITableViewDataSource.swift */,
				1BFA5E0E2600324D007FDDFE /* HistoryViewControllerUITableViewDelegate.swift */,
			);
			path = Extensions;
			sourceTree = "<group>";
		};
		4262822A35D7D5079613F660 /* Pods */ = {
			isa = PBXGroup;
			children = (
				9A19A1E7641F84E071A98059 /* Pods-CEP_Finder.debug.xcconfig */,
				2CF261A6D21A3298EA3CC990 /* Pods-CEP_Finder.release.xcconfig */,
				2398F0ED59C25B11A52B5235 /* Pods-CEP_Finder-CEP_FinderUITests.debug.xcconfig */,
				BF0BCFBD3083EB8547754991 /* Pods-CEP_Finder-CEP_FinderUITests.release.xcconfig */,
				8D9AD17FB1C1C31A5816187C /* Pods-CEP_FinderTests.debug.xcconfig */,
				E416E5C83B7632DEE10E655D /* Pods-CEP_FinderTests.release.xcconfig */,
			);
			path = Pods;
			sourceTree = "<group>";
		};
		AEF35AB3DBCB972B30DE9B0C /* Frameworks */ = {
			isa = PBXGroup;
			children = (
				779C709BE0237D130275FB90 /* Pods_CEP_Finder.framework */,
				B343D24309009BCFE4A93C14 /* Pods_CEP_Finder_CEP_FinderUITests.framework */,
				6E962AD182AE585DA4CEDF4C /* Pods_CEP_FinderTests.framework */,
			);
			name = Frameworks;
			sourceTree = "<group>";
		};
/* End PBXGroup section */

/* Begin PBXNativeTarget section */
		1BD7AE0C25F9B31B0036A743 /* CEP_Finder */ = {
			isa = PBXNativeTarget;
			buildConfigurationList = 1BD7AE3A25F9B31C0036A743 /* Build configuration list for PBXNativeTarget "CEP_Finder" */;
			buildPhases = (
				D9031E94CACFB5345A5A655D /* [CP] Check Pods Manifest.lock */,
				1BD7AE0925F9B31B0036A743 /* Sources */,
				1BD7AE0A25F9B31B0036A743 /* Frameworks */,
				1BD7AE0B25F9B31B0036A743 /* Resources */,
				3CDE6DDA851437AAABC1C144 /* [CP] Embed Pods Frameworks */,
			);
			buildRules = (
			);
			dependencies = (
			);
			name = CEP_Finder;
			productName = CEP_Finder;
			productReference = 1BD7AE0D25F9B31B0036A743 /* CEP_Finder.app */;
			productType = "com.apple.product-type.application";
		};
		1BD7AE2525F9B31C0036A743 /* CEP_FinderTests */ = {
			isa = PBXNativeTarget;
			buildConfigurationList = 1BD7AE3D25F9B31C0036A743 /* Build configuration list for PBXNativeTarget "CEP_FinderTests" */;
			buildPhases = (
				BE4066C5B7B917F0689D19CD /* [CP] Check Pods Manifest.lock */,
				1BD7AE2225F9B31C0036A743 /* Sources */,
				1BD7AE2325F9B31C0036A743 /* Frameworks */,
				1BD7AE2425F9B31C0036A743 /* Resources */,
			);
			buildRules = (
			);
			dependencies = (
				1BD7AE2825F9B31C0036A743 /* PBXTargetDependency */,
			);
			name = CEP_FinderTests;
			productName = CEP_FinderTests;
			productReference = 1BD7AE2625F9B31C0036A743 /* CEP_FinderTests.xctest */;
			productType = "com.apple.product-type.bundle.unit-test";
		};
		1BD7AE3025F9B31C0036A743 /* CEP_FinderUITests */ = {
			isa = PBXNativeTarget;
			buildConfigurationList = 1BD7AE4025F9B31C0036A743 /* Build configuration list for PBXNativeTarget "CEP_FinderUITests" */;
			buildPhases = (
				BDEC2080BB6BE7CD1F53A146 /* [CP] Check Pods Manifest.lock */,
				1BD7AE2D25F9B31C0036A743 /* Sources */,
				1BD7AE2E25F9B31C0036A743 /* Frameworks */,
				1BD7AE2F25F9B31C0036A743 /* Resources */,
				D1F1C083C1C8BC40FAC20B6A /* [CP] Embed Pods Frameworks */,
			);
			buildRules = (
			);
			dependencies = (
				1BD7AE3325F9B31C0036A743 /* PBXTargetDependency */,
			);
			name = CEP_FinderUITests;
			productName = CEP_FinderUITests;
			productReference = 1BD7AE3125F9B31C0036A743 /* CEP_FinderUITests.xctest */;
			productType = "com.apple.product-type.bundle.ui-testing";
		};
/* End PBXNativeTarget section */

/* Begin PBXProject section */
		1BD7AE0525F9B31B0036A743 /* Project object */ = {
			isa = PBXProject;
			attributes = {
				LastSwiftUpdateCheck = 1240;
				LastUpgradeCheck = 1240;
				TargetAttributes = {
					1BD7AE0C25F9B31B0036A743 = {
						CreatedOnToolsVersion = 12.4;
					};
					1BD7AE2525F9B31C0036A743 = {
						CreatedOnToolsVersion = 12.4;
						TestTargetID = 1BD7AE0C25F9B31B0036A743;
					};
					1BD7AE3025F9B31C0036A743 = {
						CreatedOnToolsVersion = 12.4;
						TestTargetID = 1BD7AE0C25F9B31B0036A743;
					};
				};
			};
			buildConfigurationList = 1BD7AE0825F9B31B0036A743 /* Build configuration list for PBXProject "CEP_Finder" */;
			compatibilityVersion = "Xcode 9.3";
			developmentRegion = en;
			hasScannedForEncodings = 0;
			knownRegions = (
				en,
				Base,
			);
			mainGroup = 1BD7AE0425F9B31B0036A743;
			productRefGroup = 1BD7AE0E25F9B31B0036A743 /* Products */;
			projectDirPath = "";
			projectRoot = "";
			targets = (
				1BD7AE0C25F9B31B0036A743 /* CEP_Finder */,
				1BD7AE2525F9B31C0036A743 /* CEP_FinderTests */,
				1BD7AE3025F9B31C0036A743 /* CEP_FinderUITests */,
			);
		};
/* End PBXProject section */

/* Begin PBXResourcesBuildPhase section */
		1BD7AE0B25F9B31B0036A743 /* Resources */ = {
			isa = PBXResourcesBuildPhase;
			buildActionMask = 2147483647;
			files = (
				1B5FC0BE25FAD0C800C8CE2E /* Recursive-Regular.ttf in Resources */,
				1BD7AE2025F9B31C0036A743 /* LaunchScreen.storyboard in Resources */,
				1B5FC0AE25FAD0BD00C8CE2E /* Recursive-Black.ttf in Resources */,
				1B5FC0BA25FAD0C500C8CE2E /* Recursive-Medium.ttf in Resources */,
				1B680D11260106D300166FD3 /* loading.json in Resources */,
				1B5FC0B625FAD0C300C8CE2E /* Recursive-Light.ttf in Resources */,
				1B5FC0B225FAD0C000C8CE2E /* Recursive-Bold.ttf in Resources */,
				1B40F55425FE92D0008E1096 /* AddressTableViewCell.xib in Resources */,
				1BD7AE1D25F9B31C0036A743 /* Assets.xcassets in Resources */,
				1BD7AE1825F9B31B0036A743 /* Main.storyboard in Resources */,
				1B7E2A8525FC217E00F55AB8 /* MenuTableViewCell.xib in Resources */,
			);
			runOnlyForDeploymentPostprocessing = 0;
		};
		1BD7AE2425F9B31C0036A743 /* Resources */ = {
			isa = PBXResourcesBuildPhase;
			buildActionMask = 2147483647;
			files = (
				1B7E2A8625FC217E00F55AB8 /* MenuTableViewCell.xib in Resources */,
			);
			runOnlyForDeploymentPostprocessing = 0;
		};
		1BD7AE2F25F9B31C0036A743 /* Resources */ = {
			isa = PBXResourcesBuildPhase;
			buildActionMask = 2147483647;
			files = (
				1B7E2A8725FC217E00F55AB8 /* MenuTableViewCell.xib in Resources */,
			);
			runOnlyForDeploymentPostprocessing = 0;
		};
/* End PBXResourcesBuildPhase section */

/* Begin PBXShellScriptBuildPhase section */
		3CDE6DDA851437AAABC1C144 /* [CP] Embed Pods Frameworks */ = {
			isa = PBXShellScriptBuildPhase;
			buildActionMask = 2147483647;
			files = (
			);
			inputFileListPaths = (
				"${PODS_ROOT}/Target Support Files/Pods-CEP_Finder/Pods-CEP_Finder-frameworks-${CONFIGURATION}-input-files.xcfilelist",
			);
			name = "[CP] Embed Pods Frameworks";
			outputFileListPaths = (
				"${PODS_ROOT}/Target Support Files/Pods-CEP_Finder/Pods-CEP_Finder-frameworks-${CONFIGURATION}-output-files.xcfilelist",
			);
			runOnlyForDeploymentPostprocessing = 0;
			shellPath = /bin/sh;
			shellScript = "\"${PODS_ROOT}/Target Support Files/Pods-CEP_Finder/Pods-CEP_Finder-frameworks.sh\"\n";
			showEnvVarsInLog = 0;
		};
		BDEC2080BB6BE7CD1F53A146 /* [CP] Check Pods Manifest.lock */ = {
			isa = PBXShellScriptBuildPhase;
			buildActionMask = 2147483647;
			files = (
			);
			inputFileListPaths = (
			);
			inputPaths = (
				"${PODS_PODFILE_DIR_PATH}/Podfile.lock",
				"${PODS_ROOT}/Manifest.lock",
			);
			name = "[CP] Check Pods Manifest.lock";
			outputFileListPaths = (
			);
			outputPaths = (
				"$(DERIVED_FILE_DIR)/Pods-CEP_Finder-CEP_FinderUITests-checkManifestLockResult.txt",
			);
			runOnlyForDeploymentPostprocessing = 0;
			shellPath = /bin/sh;
			shellScript = "diff \"${PODS_PODFILE_DIR_PATH}/Podfile.lock\" \"${PODS_ROOT}/Manifest.lock\" > /dev/null\nif [ $? != 0 ] ; then\n    # print error to STDERR\n    echo \"error: The sandbox is not in sync with the Podfile.lock. Run 'pod install' or update your CocoaPods installation.\" >&2\n    exit 1\nfi\n# This output is used by Xcode 'outputs' to avoid re-running this script phase.\necho \"SUCCESS\" > \"${SCRIPT_OUTPUT_FILE_0}\"\n";
			showEnvVarsInLog = 0;
		};
		BE4066C5B7B917F0689D19CD /* [CP] Check Pods Manifest.lock */ = {
			isa = PBXShellScriptBuildPhase;
			buildActionMask = 2147483647;
			files = (
			);
			inputFileListPaths = (
			);
			inputPaths = (
				"${PODS_PODFILE_DIR_PATH}/Podfile.lock",
				"${PODS_ROOT}/Manifest.lock",
			);
			name = "[CP] Check Pods Manifest.lock";
			outputFileListPaths = (
			);
			outputPaths = (
				"$(DERIVED_FILE_DIR)/Pods-CEP_FinderTests-checkManifestLockResult.txt",
			);
			runOnlyForDeploymentPostprocessing = 0;
			shellPath = /bin/sh;
			shellScript = "diff \"${PODS_PODFILE_DIR_PATH}/Podfile.lock\" \"${PODS_ROOT}/Manifest.lock\" > /dev/null\nif [ $? != 0 ] ; then\n    # print error to STDERR\n    echo \"error: The sandbox is not in sync with the Podfile.lock. Run 'pod install' or update your CocoaPods installation.\" >&2\n    exit 1\nfi\n# This output is used by Xcode 'outputs' to avoid re-running this script phase.\necho \"SUCCESS\" > \"${SCRIPT_OUTPUT_FILE_0}\"\n";
			showEnvVarsInLog = 0;
		};
		D1F1C083C1C8BC40FAC20B6A /* [CP] Embed Pods Frameworks */ = {
			isa = PBXShellScriptBuildPhase;
			buildActionMask = 2147483647;
			files = (
			);
			inputFileListPaths = (
				"${PODS_ROOT}/Target Support Files/Pods-CEP_Finder-CEP_FinderUITests/Pods-CEP_Finder-CEP_FinderUITests-frameworks-${CONFIGURATION}-input-files.xcfilelist",
			);
			name = "[CP] Embed Pods Frameworks";
			outputFileListPaths = (
				"${PODS_ROOT}/Target Support Files/Pods-CEP_Finder-CEP_FinderUITests/Pods-CEP_Finder-CEP_FinderUITests-frameworks-${CONFIGURATION}-output-files.xcfilelist",
			);
			runOnlyForDeploymentPostprocessing = 0;
			shellPath = /bin/sh;
			shellScript = "\"${PODS_ROOT}/Target Support Files/Pods-CEP_Finder-CEP_FinderUITests/Pods-CEP_Finder-CEP_FinderUITests-frameworks.sh\"\n";
			showEnvVarsInLog = 0;
		};
		D9031E94CACFB5345A5A655D /* [CP] Check Pods Manifest.lock */ = {
			isa = PBXShellScriptBuildPhase;
			buildActionMask = 2147483647;
			files = (
			);
			inputFileListPaths = (
			);
			inputPaths = (
				"${PODS_PODFILE_DIR_PATH}/Podfile.lock",
				"${PODS_ROOT}/Manifest.lock",
			);
			name = "[CP] Check Pods Manifest.lock";
			outputFileListPaths = (
			);
			outputPaths = (
				"$(DERIVED_FILE_DIR)/Pods-CEP_Finder-checkManifestLockResult.txt",
			);
			runOnlyForDeploymentPostprocessing = 0;
			shellPath = /bin/sh;
			shellScript = "diff \"${PODS_PODFILE_DIR_PATH}/Podfile.lock\" \"${PODS_ROOT}/Manifest.lock\" > /dev/null\nif [ $? != 0 ] ; then\n    # print error to STDERR\n    echo \"error: The sandbox is not in sync with the Podfile.lock. Run 'pod install' or update your CocoaPods installation.\" >&2\n    exit 1\nfi\n# This output is used by Xcode 'outputs' to avoid re-running this script phase.\necho \"SUCCESS\" > \"${SCRIPT_OUTPUT_FILE_0}\"\n";
			showEnvVarsInLog = 0;
		};
/* End PBXShellScriptBuildPhase section */

/* Begin PBXSourcesBuildPhase section */
		1BD7AE0925F9B31B0036A743 /* Sources */ = {
			isa = PBXSourcesBuildPhase;
			buildActionMask = 2147483647;
			files = (
				1B46DCD02602ECEE00B56AF2 /* AddressViewController.swift in Sources */,
				1B9D1FDC26019881001385AC /* CepController.swift in Sources */,
				1BE4B22F260005CC00902D47 /* Colors.swift in Sources */,
				1BE4B2212600024400902D47 /* UIButtonExtension.swift in Sources */,
				1B0329072603752F00960DF8 /* FavoriteController.swift in Sources */,
				1BB15B7A25FA2EDB002A1C9E /* UITextFieldExtension.swift in Sources */,
				1B7E2A8225FC217E00F55AB8 /* MenuTableViewCell.swift in Sources */,
				1BE4B23E26000E0200902D47 /* AddressFieldViewConstraints.swift in Sources */,
				1BBCD3D025FBB6F300F4F4FE /* CepModel.swift in Sources */,
				1BFA5E0F2600324D007FDDFE /* HistoryViewControllerUITableViewDelegate.swift in Sources */,
				1B7B60892603EEE600753A37 /* FavoritesViewControllerUITableViewDataSource.swift in Sources */,
				1BD7AE1525F9B31B0036A743 /* CepViewController.swift in Sources */,
				1B47266A26026AD400FD9067 /* MapView.swift in Sources */,
				1B7E2A7C25FC1C9300F55AB8 /* MenuViewController.swift in Sources */,
				1BFA5E192600355B007FDDFE /* CoreDataManager.swift in Sources */,
				1BD7AE1125F9B31B0036A743 /* AppDelegate.swift in Sources */,
				1B680CF9260101C300166FD3 /* BaseViewController.swift in Sources */,
				1B7B607F2603EDFE00753A37 /* FavoritesViewController.swift in Sources */,
				1B680D022601020400166FD3 /* LoadingView.swift in Sources */,
				1BE4B23926000B1800902D47 /* FooterViewConstraints.swift in Sources */,
				1BFA5E0A26003225007FDDFE /* HistoryViewControllerUITableViewDataSource.swift in Sources */,
				1B40F53D25FE89D3008E1096 /* HistoryViewController.swift in Sources */,
				1B46DCD52602EEA500B56AF2 /* AddressViewControllerConstraints.swift in Sources */,
				1BAD11C225FABFF800FD700E /* UIFontExtension.swift in Sources */,
				1B65B05F26050B610037EF44 /* Reachability.swift in Sources */,
				1B40F56625FE9803008E1096 /* AboutViewController.swift in Sources */,
				1B40F55325FE92D0008E1096 /* AddressTableViewCell.swift in Sources */,
				1B70590C2603C9B30054FBB7 /* AddressCoreData.swift in Sources */,
				1BD7AE1B25F9B31B0036A743 /* CEP_Finder.xcdatamodeld in Sources */,
				1B0A71612602D456009FB7A5 /* EmptyView.swift in Sources */,
				1BCEA1D925FD04FC00D1A2AB /* Address.swift in Sources */,
				1B93303425FFB04400C43011 /* HistoryAndFavoriteHeaderView.swift in Sources */,
				1B4726732602719400FD9067 /* CepViewControllerConstraints.swift in Sources */,
				1B40F56125FE943A008E1096 /* AddressComponentCell.swift in Sources */,
				1BCEA1BF25FCDD0B00D1A2AB /* ErrorHandler.swift in Sources */,
				1BCEA1D225FCF01300D1A2AB /* AddressFieldView.swift in Sources */,
				1BE4B234260008E500902D47 /* UIViewExtension.swift in Sources */,
				1B7B608E2603EF3700753A37 /* FavoritesViewControllerUITableViewDelegate.swift in Sources */,
				1BD7AE1325F9B31B0036A743 /* SceneDelegate.swift in Sources */,
				1B9D1FD726018EFF001385AC /* HistoryController.swift in Sources */,
				1BCEA1C825FCEC3C00D1A2AB /* FooterView.swift in Sources */,
				1BCEA1B425FCDB2800D1A2AB /* CepNetwork.swift in Sources */,
			);
			runOnlyForDeploymentPostprocessing = 0;
		};
		1BD7AE2225F9B31C0036A743 /* Sources */ = {
			isa = PBXSourcesBuildPhase;
			buildActionMask = 2147483647;
			files = (
				1BE4B24426000E6D00902D47 /* AddressFieldViewConstraints.swift in Sources */,
				1BCEA1B525FCDB2800D1A2AB /* CepNetwork.swift in Sources */,
				1BCEA1C025FCDD0B00D1A2AB /* ErrorHandler.swift in Sources */,
				1BCEA1D325FCF01300D1A2AB /* AddressFieldView.swift in Sources */,
				1B40F56725FE9803008E1096 /* AboutViewController.swift in Sources */,
				1B680CFA260101C300166FD3 /* BaseViewController.swift in Sources */,
				1B7E2A8325FC217E00F55AB8 /* MenuTableViewCell.swift in Sources */,
				1BCEA1C925FCEC3C00D1A2AB /* FooterView.swift in Sources */,
				1BD7AE2B25F9B31C0036A743 /* CEP_FinderTests.swift in Sources */,
				1BCEA1DA25FD04FC00D1A2AB /* Address.swift in Sources */,
				1B680D032601020400166FD3 /* LoadingView.swift in Sources */,
				1B3EC69F260176E0008C1AB3 /* CoreDataManager.swift in Sources */,
				1B40F54125FE89DB008E1096 /* HistoryViewController.swift in Sources */,
			);
			runOnlyForDeploymentPostprocessing = 0;
		};
		1BD7AE2D25F9B31C0036A743 /* Sources */ = {
			isa = PBXSourcesBuildPhase;
			buildActionMask = 2147483647;
			files = (
				1B40F56825FE9803008E1096 /* AboutViewController.swift in Sources */,
				1BCEA1CD25FCEC4100D1A2AB /* FooterView.swift in Sources */,
				1BE4B24326000E6D00902D47 /* AddressFieldViewConstraints.swift in Sources */,
				1B7E2A8425FC217E00F55AB8 /* MenuTableViewCell.swift in Sources */,
				1BCEA1D425FCF01300D1A2AB /* AddressFieldView.swift in Sources */,
				1B40F54525FE89DC008E1096 /* HistoryViewController.swift in Sources */,
				1BD7AE3625F9B31C0036A743 /* CEP_FinderUITests.swift in Sources */,
			);
			runOnlyForDeploymentPostprocessing = 0;
		};
/* End PBXSourcesBuildPhase section */

/* Begin PBXTargetDependency section */
		1BD7AE2825F9B31C0036A743 /* PBXTargetDependency */ = {
			isa = PBXTargetDependency;
			target = 1BD7AE0C25F9B31B0036A743 /* CEP_Finder */;
			targetProxy = 1BD7AE2725F9B31C0036A743 /* PBXContainerItemProxy */;
		};
		1BD7AE3325F9B31C0036A743 /* PBXTargetDependency */ = {
			isa = PBXTargetDependency;
			target = 1BD7AE0C25F9B31B0036A743 /* CEP_Finder */;
			targetProxy = 1BD7AE3225F9B31C0036A743 /* PBXContainerItemProxy */;
		};
/* End PBXTargetDependency section */

/* Begin PBXVariantGroup section */
		1BD7AE1625F9B31B0036A743 /* Main.storyboard */ = {
			isa = PBXVariantGroup;
			children = (
				1BD7AE1725F9B31B0036A743 /* Base */,
			);
			name = Main.storyboard;
			sourceTree = "<group>";
		};
		1BD7AE1E25F9B31C0036A743 /* LaunchScreen.storyboard */ = {
			isa = PBXVariantGroup;
			children = (
				1BD7AE1F25F9B31C0036A743 /* Base */,
			);
			name = LaunchScreen.storyboard;
			sourceTree = "<group>";
		};
/* End PBXVariantGroup section */

/* Begin XCBuildConfiguration section */
		1BD7AE3825F9B31C0036A743 /* Debug */ = {
			isa = XCBuildConfiguration;
			buildSettings = {
				ALWAYS_SEARCH_USER_PATHS = NO;
				CLANG_ANALYZER_NONNULL = YES;
				CLANG_ANALYZER_NUMBER_OBJECT_CONVERSION = YES_AGGRESSIVE;
				CLANG_CXX_LANGUAGE_STANDARD = "gnu++14";
				CLANG_CXX_LIBRARY = "libc++";
				CLANG_ENABLE_MODULES = YES;
				CLANG_ENABLE_OBJC_ARC = YES;
				CLANG_ENABLE_OBJC_WEAK = YES;
				CLANG_WARN_BLOCK_CAPTURE_AUTORELEASING = YES;
				CLANG_WARN_BOOL_CONVERSION = YES;
				CLANG_WARN_COMMA = YES;
				CLANG_WARN_CONSTANT_CONVERSION = YES;
				CLANG_WARN_DEPRECATED_OBJC_IMPLEMENTATIONS = YES;
				CLANG_WARN_DIRECT_OBJC_ISA_USAGE = YES_ERROR;
				CLANG_WARN_DOCUMENTATION_COMMENTS = YES;
				CLANG_WARN_EMPTY_BODY = YES;
				CLANG_WARN_ENUM_CONVERSION = YES;
				CLANG_WARN_INFINITE_RECURSION = YES;
				CLANG_WARN_INT_CONVERSION = YES;
				CLANG_WARN_NON_LITERAL_NULL_CONVERSION = YES;
				CLANG_WARN_OBJC_IMPLICIT_RETAIN_SELF = YES;
				CLANG_WARN_OBJC_LITERAL_CONVERSION = YES;
				CLANG_WARN_OBJC_ROOT_CLASS = YES_ERROR;
				CLANG_WARN_QUOTED_INCLUDE_IN_FRAMEWORK_HEADER = YES;
				CLANG_WARN_RANGE_LOOP_ANALYSIS = YES;
				CLANG_WARN_STRICT_PROTOTYPES = YES;
				CLANG_WARN_SUSPICIOUS_MOVE = YES;
				CLANG_WARN_UNGUARDED_AVAILABILITY = YES_AGGRESSIVE;
				CLANG_WARN_UNREACHABLE_CODE = YES;
				CLANG_WARN__DUPLICATE_METHOD_MATCH = YES;
				COPY_PHASE_STRIP = NO;
				DEBUG_INFORMATION_FORMAT = dwarf;
				ENABLE_STRICT_OBJC_MSGSEND = YES;
				ENABLE_TESTABILITY = YES;
				GCC_C_LANGUAGE_STANDARD = gnu11;
				GCC_DYNAMIC_NO_PIC = NO;
				GCC_NO_COMMON_BLOCKS = YES;
				GCC_OPTIMIZATION_LEVEL = 0;
				GCC_PREPROCESSOR_DEFINITIONS = (
					"DEBUG=1",
					"$(inherited)",
				);
				GCC_WARN_64_TO_32_BIT_CONVERSION = YES;
				GCC_WARN_ABOUT_RETURN_TYPE = YES_ERROR;
				GCC_WARN_UNDECLARED_SELECTOR = YES;
				GCC_WARN_UNINITIALIZED_AUTOS = YES_AGGRESSIVE;
				GCC_WARN_UNUSED_FUNCTION = YES;
				GCC_WARN_UNUSED_VARIABLE = YES;
				IPHONEOS_DEPLOYMENT_TARGET = 14.4;
				MTL_ENABLE_DEBUG_INFO = INCLUDE_SOURCE;
				MTL_FAST_MATH = YES;
				ONLY_ACTIVE_ARCH = YES;
				SDKROOT = iphoneos;
				SWIFT_ACTIVE_COMPILATION_CONDITIONS = DEBUG;
				SWIFT_OPTIMIZATION_LEVEL = "-Onone";
			};
			name = Debug;
		};
		1BD7AE3925F9B31C0036A743 /* Release */ = {
			isa = XCBuildConfiguration;
			buildSettings = {
				ALWAYS_SEARCH_USER_PATHS = NO;
				CLANG_ANALYZER_NONNULL = YES;
				CLANG_ANALYZER_NUMBER_OBJECT_CONVERSION = YES_AGGRESSIVE;
				CLANG_CXX_LANGUAGE_STANDARD = "gnu++14";
				CLANG_CXX_LIBRARY = "libc++";
				CLANG_ENABLE_MODULES = YES;
				CLANG_ENABLE_OBJC_ARC = YES;
				CLANG_ENABLE_OBJC_WEAK = YES;
				CLANG_WARN_BLOCK_CAPTURE_AUTORELEASING = YES;
				CLANG_WARN_BOOL_CONVERSION = YES;
				CLANG_WARN_COMMA = YES;
				CLANG_WARN_CONSTANT_CONVERSION = YES;
				CLANG_WARN_DEPRECATED_OBJC_IMPLEMENTATIONS = YES;
				CLANG_WARN_DIRECT_OBJC_ISA_USAGE = YES_ERROR;
				CLANG_WARN_DOCUMENTATION_COMMENTS = YES;
				CLANG_WARN_EMPTY_BODY = YES;
				CLANG_WARN_ENUM_CONVERSION = YES;
				CLANG_WARN_INFINITE_RECURSION = YES;
				CLANG_WARN_INT_CONVERSION = YES;
				CLANG_WARN_NON_LITERAL_NULL_CONVERSION = YES;
				CLANG_WARN_OBJC_IMPLICIT_RETAIN_SELF = YES;
				CLANG_WARN_OBJC_LITERAL_CONVERSION = YES;
				CLANG_WARN_OBJC_ROOT_CLASS = YES_ERROR;
				CLANG_WARN_QUOTED_INCLUDE_IN_FRAMEWORK_HEADER = YES;
				CLANG_WARN_RANGE_LOOP_ANALYSIS = YES;
				CLANG_WARN_STRICT_PROTOTYPES = YES;
				CLANG_WARN_SUSPICIOUS_MOVE = YES;
				CLANG_WARN_UNGUARDED_AVAILABILITY = YES_AGGRESSIVE;
				CLANG_WARN_UNREACHABLE_CODE = YES;
				CLANG_WARN__DUPLICATE_METHOD_MATCH = YES;
				COPY_PHASE_STRIP = NO;
				DEBUG_INFORMATION_FORMAT = "dwarf-with-dsym";
				ENABLE_NS_ASSERTIONS = NO;
				ENABLE_STRICT_OBJC_MSGSEND = YES;
				GCC_C_LANGUAGE_STANDARD = gnu11;
				GCC_NO_COMMON_BLOCKS = YES;
				GCC_WARN_64_TO_32_BIT_CONVERSION = YES;
				GCC_WARN_ABOUT_RETURN_TYPE = YES_ERROR;
				GCC_WARN_UNDECLARED_SELECTOR = YES;
				GCC_WARN_UNINITIALIZED_AUTOS = YES_AGGRESSIVE;
				GCC_WARN_UNUSED_FUNCTION = YES;
				GCC_WARN_UNUSED_VARIABLE = YES;
				IPHONEOS_DEPLOYMENT_TARGET = 14.4;
				MTL_ENABLE_DEBUG_INFO = NO;
				MTL_FAST_MATH = YES;
				SDKROOT = iphoneos;
				SWIFT_COMPILATION_MODE = wholemodule;
				SWIFT_OPTIMIZATION_LEVEL = "-O";
				VALIDATE_PRODUCT = YES;
			};
			name = Release;
		};
		1BD7AE3B25F9B31C0036A743 /* Debug */ = {
			isa = XCBuildConfiguration;
			baseConfigurationReference = 9A19A1E7641F84E071A98059 /* Pods-CEP_Finder.debug.xcconfig */;
			buildSettings = {
				ASSETCATALOG_COMPILER_APPICON_NAME = AppIcon;
				ASSETCATALOG_COMPILER_GLOBAL_ACCENT_COLOR_NAME = AccentColor;
				CODE_SIGN_STYLE = Automatic;
				DEVELOPMENT_TEAM = R75SA9L9QH;
				INFOPLIST_FILE = CEP_Finder/Info.plist;
				LD_RUNPATH_SEARCH_PATHS = (
					"$(inherited)",
					"@executable_path/Frameworks",
				);
				PRODUCT_BUNDLE_IDENTIFIER = "com.rafa.CEP-Finder";
				PRODUCT_NAME = "$(TARGET_NAME)";
				SWIFT_VERSION = 5.0;
				TARGETED_DEVICE_FAMILY = "1,2";
			};
			name = Debug;
		};
		1BD7AE3C25F9B31C0036A743 /* Release */ = {
			isa = XCBuildConfiguration;
			baseConfigurationReference = 2CF261A6D21A3298EA3CC990 /* Pods-CEP_Finder.release.xcconfig */;
			buildSettings = {
				ASSETCATALOG_COMPILER_APPICON_NAME = AppIcon;
				ASSETCATALOG_COMPILER_GLOBAL_ACCENT_COLOR_NAME = AccentColor;
				CODE_SIGN_STYLE = Automatic;
				DEVELOPMENT_TEAM = R75SA9L9QH;
				INFOPLIST_FILE = CEP_Finder/Info.plist;
				LD_RUNPATH_SEARCH_PATHS = (
					"$(inherited)",
					"@executable_path/Frameworks",
				);
				PRODUCT_BUNDLE_IDENTIFIER = "com.rafa.CEP-Finder";
				PRODUCT_NAME = "$(TARGET_NAME)";
				SWIFT_VERSION = 5.0;
				TARGETED_DEVICE_FAMILY = "1,2";
			};
			name = Release;
		};
		1BD7AE3E25F9B31C0036A743 /* Debug */ = {
			isa = XCBuildConfiguration;
			baseConfigurationReference = 8D9AD17FB1C1C31A5816187C /* Pods-CEP_FinderTests.debug.xcconfig */;
			buildSettings = {
				ALWAYS_EMBED_SWIFT_STANDARD_LIBRARIES = YES;
				BUNDLE_LOADER = "$(TEST_HOST)";
				CODE_SIGN_STYLE = Automatic;
				INFOPLIST_FILE = CEP_FinderTests/Info.plist;
				IPHONEOS_DEPLOYMENT_TARGET = 14.4;
				LD_RUNPATH_SEARCH_PATHS = (
					"$(inherited)",
					"@executable_path/Frameworks",
					"@loader_path/Frameworks",
				);
				PRODUCT_BUNDLE_IDENTIFIER = "com.rafa.CEP-FinderTests";
				PRODUCT_NAME = "$(TARGET_NAME)";
				SWIFT_VERSION = 5.0;
				TARGETED_DEVICE_FAMILY = "1,2";
				TEST_HOST = "$(BUILT_PRODUCTS_DIR)/CEP_Finder.app/CEP_Finder";
			};
			name = Debug;
		};
		1BD7AE3F25F9B31C0036A743 /* Release */ = {
			isa = XCBuildConfiguration;
			baseConfigurationReference = E416E5C83B7632DEE10E655D /* Pods-CEP_FinderTests.release.xcconfig */;
			buildSettings = {
				ALWAYS_EMBED_SWIFT_STANDARD_LIBRARIES = YES;
				BUNDLE_LOADER = "$(TEST_HOST)";
				CODE_SIGN_STYLE = Automatic;
				INFOPLIST_FILE = CEP_FinderTests/Info.plist;
				IPHONEOS_DEPLOYMENT_TARGET = 14.4;
				LD_RUNPATH_SEARCH_PATHS = (
					"$(inherited)",
					"@executable_path/Frameworks",
					"@loader_path/Frameworks",
				);
				PRODUCT_BUNDLE_IDENTIFIER = "com.rafa.CEP-FinderTests";
				PRODUCT_NAME = "$(TARGET_NAME)";
				SWIFT_VERSION = 5.0;
				TARGETED_DEVICE_FAMILY = "1,2";
				TEST_HOST = "$(BUILT_PRODUCTS_DIR)/CEP_Finder.app/CEP_Finder";
			};
			name = Release;
		};
		1BD7AE4125F9B31C0036A743 /* Debug */ = {
			isa = XCBuildConfiguration;
			baseConfigurationReference = 2398F0ED59C25B11A52B5235 /* Pods-CEP_Finder-CEP_FinderUITests.debug.xcconfig */;
			buildSettings = {
				ALWAYS_EMBED_SWIFT_STANDARD_LIBRARIES = YES;
				CODE_SIGN_STYLE = Automatic;
				INFOPLIST_FILE = CEP_FinderUITests/Info.plist;
				LD_RUNPATH_SEARCH_PATHS = (
					"$(inherited)",
					"@executable_path/Frameworks",
					"@loader_path/Frameworks",
				);
				PRODUCT_BUNDLE_IDENTIFIER = "com.rafa.CEP-FinderUITests";
				PRODUCT_NAME = "$(TARGET_NAME)";
				SWIFT_VERSION = 5.0;
				TARGETED_DEVICE_FAMILY = "1,2";
				TEST_TARGET_NAME = CEP_Finder;
			};
			name = Debug;
		};
		1BD7AE4225F9B31C0036A743 /* Release */ = {
			isa = XCBuildConfiguration;
			baseConfigurationReference = BF0BCFBD3083EB8547754991 /* Pods-CEP_Finder-CEP_FinderUITests.release.xcconfig */;
			buildSettings = {
				ALWAYS_EMBED_SWIFT_STANDARD_LIBRARIES = YES;
				CODE_SIGN_STYLE = Automatic;
				INFOPLIST_FILE = CEP_FinderUITests/Info.plist;
				LD_RUNPATH_SEARCH_PATHS = (
					"$(inherited)",
					"@executable_path/Frameworks",
					"@loader_path/Frameworks",
				);
				PRODUCT_BUNDLE_IDENTIFIER = "com.rafa.CEP-FinderUITests";
				PRODUCT_NAME = "$(TARGET_NAME)";
				SWIFT_VERSION = 5.0;
				TARGETED_DEVICE_FAMILY = "1,2";
				TEST_TARGET_NAME = CEP_Finder;
			};
			name = Release;
		};
/* End XCBuildConfiguration section */

/* Begin XCConfigurationList section */
		1BD7AE0825F9B31B0036A743 /* Build configuration list for PBXProject "CEP_Finder" */ = {
			isa = XCConfigurationList;
			buildConfigurations = (
				1BD7AE3825F9B31C0036A743 /* Debug */,
				1BD7AE3925F9B31C0036A743 /* Release */,
			);
			defaultConfigurationIsVisible = 0;
			defaultConfigurationName = Release;
		};
		1BD7AE3A25F9B31C0036A743 /* Build configuration list for PBXNativeTarget "CEP_Finder" */ = {
			isa = XCConfigurationList;
			buildConfigurations = (
				1BD7AE3B25F9B31C0036A743 /* Debug */,
				1BD7AE3C25F9B31C0036A743 /* Release */,
			);
			defaultConfigurationIsVisible = 0;
			defaultConfigurationName = Release;
		};
		1BD7AE3D25F9B31C0036A743 /* Build configuration list for PBXNativeTarget "CEP_FinderTests" */ = {
			isa = XCConfigurationList;
			buildConfigurations = (
				1BD7AE3E25F9B31C0036A743 /* Debug */,
				1BD7AE3F25F9B31C0036A743 /* Release */,
			);
			defaultConfigurationIsVisible = 0;
			defaultConfigurationName = Release;
		};
		1BD7AE4025F9B31C0036A743 /* Build configuration list for PBXNativeTarget "CEP_FinderUITests" */ = {
			isa = XCConfigurationList;
			buildConfigurations = (
				1BD7AE4125F9B31C0036A743 /* Debug */,
				1BD7AE4225F9B31C0036A743 /* Release */,
			);
			defaultConfigurationIsVisible = 0;
			defaultConfigurationName = Release;
		};
/* End XCConfigurationList section */

/* Begin XCVersionGroup section */
		1BD7AE1925F9B31B0036A743 /* CEP_Finder.xcdatamodeld */ = {
			isa = XCVersionGroup;
			children = (
				1BD7AE1A25F9B31B0036A743 /* CEP_Finder.xcdatamodel */,
			);
			currentVersion = 1BD7AE1A25F9B31B0036A743 /* CEP_Finder.xcdatamodel */;
			path = CEP_Finder.xcdatamodeld;
			sourceTree = "<group>";
			versionGroupType = wrapper.xcdatamodel;
		};
/* End XCVersionGroup section */
	};
	rootObject = 1BD7AE0525F9B31B0036A743 /* Project object */;
}
